// !$*UTF8*$!
{
	archiveVersion = 1;
	classes = {
	};
	objectVersion = 56;
	objects = {

/* Begin PBXBuildFile section */
		28EF179629DAF74D003F095C /* AppDelegate.swift in Sources */ = {isa = PBXBuildFile; fileRef = 28EF179529DAF74D003F095C /* AppDelegate.swift */; };
		28EF179829DAF74D003F095C /* SceneDelegate.swift in Sources */ = {isa = PBXBuildFile; fileRef = 28EF179729DAF74D003F095C /* SceneDelegate.swift */; };
		28EF179A29DAF74D003F095C /* ViewController.swift in Sources */ = {isa = PBXBuildFile; fileRef = 28EF179929DAF74D003F095C /* ViewController.swift */; };
		28EF179D29DAF74D003F095C /* Main.storyboard in Resources */ = {isa = PBXBuildFile; fileRef = 28EF179B29DAF74D003F095C /* Main.storyboard */; };
		28EF179F29DAF74E003F095C /* Assets.xcassets in Resources */ = {isa = PBXBuildFile; fileRef = 28EF179E29DAF74E003F095C /* Assets.xcassets */; };
		28EF17A229DAF74E003F095C /* LaunchScreen.storyboard in Resources */ = {isa = PBXBuildFile; fileRef = 28EF17A029DAF74E003F095C /* LaunchScreen.storyboard */; };
		28EF17AA29DB2DDE003F095C /* CoverSt.swift in Sources */ = {isa = PBXBuildFile; fileRef = 28EF17A929DB2DDE003F095C /* CoverSt.swift */; };
/* End PBXBuildFile section */

/* Begin PBXFileReference section */
		28EF179229DAF74D003F095C /* MatzeeIIWithDragable Dice.app */ = {isa = PBXFileReference; explicitFileType = wrapper.application; includeInIndex = 0; path = "MatzeeIIWithDragable Dice.app"; sourceTree = BUILT_PRODUCTS_DIR; };
		28EF179529DAF74D003F095C /* AppDelegate.swift */ = {isa = PBXFileReference; lastKnownFileType = sourcecode.swift; path = AppDelegate.swift; sourceTree = "<group>"; };
		28EF179729DAF74D003F095C /* SceneDelegate.swift */ = {isa = PBXFileReference; lastKnownFileType = sourcecode.swift; path = SceneDelegate.swift; sourceTree = "<group>"; };
		28EF179929DAF74D003F095C /* ViewController.swift */ = {isa = PBXFileReference; lastKnownFileType = sourcecode.swift; path = ViewController.swift; sourceTree = "<group>"; };
		28EF179C29DAF74D003F095C /* Base */ = {isa = PBXFileReference; lastKnownFileType = file.storyboard; name = Base; path = Base.lproj/Main.storyboard; sourceTree = "<group>"; };
		28EF179E29DAF74E003F095C /* Assets.xcassets */ = {isa = PBXFileReference; lastKnownFileType = folder.assetcatalog; path = Assets.xcassets; sourceTree = "<group>"; };
		28EF17A129DAF74E003F095C /* Base */ = {isa = PBXFileReference; lastKnownFileType = file.storyboard; name = Base; path = Base.lproj/LaunchScreen.storyboard; sourceTree = "<group>"; };
		28EF17A329DAF74E003F095C /* Info.plist */ = {isa = PBXFileReference; lastKnownFileType = text.plist.xml; path = Info.plist; sourceTree = "<group>"; };
		28EF17A929DB2DDE003F095C /* CoverSt.swift */ = {isa = PBXFileReference; lastKnownFileType = sourcecode.swift; path = CoverSt.swift; sourceTree = "<group>"; };
/* End PBXFileReference section */

/* Begin PBXFrameworksBuildPhase section */
		28EF178F29DAF74D003F095C /* Frameworks */ = {
			isa = PBXFrameworksBuildPhase;
			buildActionMask = 2147483647;
			files = (
			);
			runOnlyForDeploymentPostprocessing = 0;
		};
/* End PBXFrameworksBuildPhase section */

/* Begin PBXGroup section */
		28EF178929DAF74D003F095C = {
			isa = PBXGroup;
			children = (
				28EF179429DAF74D003F095C /* MatzeeIIWithDragable Dice */,
				28EF179329DAF74D003F095C /* Products */,
			);
			sourceTree = "<group>";
		};
		28EF179329DAF74D003F095C /* Products */ = {
			isa = PBXGroup;
			children = (
				28EF179229DAF74D003F095C /* MatzeeIIWithDragable Dice.app */,
			);
			name = Products;
			sourceTree = "<group>";
		};
		28EF179429DAF74D003F095C /* MatzeeIIWithDragable Dice */ = {
			isa = PBXGroup;
			children = (
				28EF179529DAF74D003F095C /* AppDelegate.swift */,
				28EF179729DAF74D003F095C /* SceneDelegate.swift */,
				28EF179929DAF74D003F095C /* ViewController.swift */,
				28EF17A929DB2DDE003F095C /* CoverSt.swift */,
				28EF179B29DAF74D003F095C /* Main.storyboard */,
				28EF179E29DAF74E003F095C /* Assets.xcassets */,
				28EF17A029DAF74E003F095C /* LaunchScreen.storyboard */,
				28EF17A329DAF74E003F095C /* Info.plist */,
			);
			path = "MatzeeIIWithDragable Dice";
			sourceTree = "<group>";
		};
/* End PBXGroup section */

/* Begin PBXNativeTarget section */
		28EF179129DAF74D003F095C /* MatzeeIIWithDragable Dice */ = {
			isa = PBXNativeTarget;
			buildConfigurationList = 28EF17A629DAF74E003F095C /* Build configuration list for PBXNativeTarget "MatzeeIIWithDragable Dice" */;
			buildPhases = (
				28EF178E29DAF74D003F095C /* Sources */,
				28EF178F29DAF74D003F095C /* Frameworks */,
				28EF179029DAF74D003F095C /* Resources */,
			);
			buildRules = (
			);
			dependencies = (
			);
			name = "MatzeeIIWithDragable Dice";
			productName = "MatzeeIIWithDragable Dice";
			productReference = 28EF179229DAF74D003F095C /* MatzeeIIWithDragable Dice.app */;
			productType = "com.apple.product-type.application";
		};
/* End PBXNativeTarget section */

/* Begin PBXProject section */
		28EF178A29DAF74D003F095C /* Project object */ = {
			isa = PBXProject;
			attributes = {
				BuildIndependentTargetsInParallel = 1;
				LastSwiftUpdateCheck = 1400;
				LastUpgradeCheck = 1400;
				TargetAttributes = {
					28EF179129DAF74D003F095C = {
						CreatedOnToolsVersion = 14.0.1;
					};
				};
			};
			buildConfigurationList = 28EF178D29DAF74D003F095C /* Build configuration list for PBXProject "MatzeeIIWithDragable Dice" */;
			compatibilityVersion = "Xcode 14.0";
			developmentRegion = en;
			hasScannedForEncodings = 0;
			knownRegions = (
				en,
				Base,
			);
			mainGroup = 28EF178929DAF74D003F095C;
			productRefGroup = 28EF179329DAF74D003F095C /* Products */;
			projectDirPath = "";
			projectRoot = "";
			targets = (
				28EF179129DAF74D003F095C /* MatzeeIIWithDragable Dice */,
			);
		};
/* End PBXProject section */

/* Begin PBXResourcesBuildPhase section */
		28EF179029DAF74D003F095C /* Resources */ = {
			isa = PBXResourcesBuildPhase;
			buildActionMask = 2147483647;
			files = (
				28EF17A229DAF74E003F095C /* LaunchScreen.storyboard in Resources */,
				28EF179F29DAF74E003F095C /* Assets.xcassets in Resources */,
				28EF179D29DAF74D003F095C /* Main.storyboard in Resources */,
			);
			runOnlyForDeploymentPostprocessing = 0;
		};
/* End PBXResourcesBuildPhase section */

/* Begin PBXSourcesBuildPhase section */
		28EF178E29DAF74D003F095C /* Sources */ = {
			isa = PBXSourcesBuildPhase;
			buildActionMask = 2147483647;
			files = (
				28EF179A29DAF74D003F095C /* ViewController.swift in Sources */,
				28EF179629DAF74D003F095C /* AppDelegate.swift in Sources */,
				28EF17AA29DB2DDE003F095C /* CoverSt.swift in Sources */,
				28EF179829DAF74D003F095C /* SceneDelegate.swift in Sources */,
			);
			runOnlyForDeploymentPostprocessing = 0;
		};
/* End PBXSourcesBuildPhase section */

/* Begin PBXVariantGroup section */
		28EF179B29DAF74D003F095C /* Main.storyboard */ = {
			isa = PBXVariantGroup;
			children = (
				28EF179C29DAF74D003F095C /* Base */,
			);
			name = Main.storyboard;
			sourceTree = "<group>";
		};
		28EF17A029DAF74E003F095C /* LaunchScreen.storyboard */ = {
			isa = PBXVariantGroup;
			children = (
				28EF17A129DAF74E003F095C /* Base */,
			);
			name = LaunchScreen.storyboard;
			sourceTree = "<group>";
		};
/* End PBXVariantGroup section */

/* Begin XCBuildConfiguration section */
		28EF17A429DAF74E003F095C /* Debug */ = {
			isa = XCBuildConfiguration;
			buildSettings = {
				ALWAYS_SEARCH_USER_PATHS = NO;
				CLANG_ANALYZER_NONNULL = YES;
				CLANG_ANALYZER_NUMBER_OBJECT_CONVERSION = YES_AGGRESSIVE;
				CLANG_CXX_LANGUAGE_STANDARD = "gnu++20";
				CLANG_ENABLE_MODULES = YES;
				CLANG_ENABLE_OBJC_ARC = YES;
				CLANG_ENABLE_OBJC_WEAK = YES;
				CLANG_WARN_BLOCK_CAPTURE_AUTORELEASING = YES;
				CLANG_WARN_BOOL_CONVERSION = YES;
				CLANG_WARN_COMMA = YES;
				CLANG_WARN_CONSTANT_CONVERSION = YES;
				CLANG_WARN_DEPRECATED_OBJC_IMPLEMENTATIONS = YES;
				CLANG_WARN_DIRECT_OBJC_ISA_USAGE = YES_ERROR;
				CLANG_WARN_DOCUMENTATION_COMMENTS = YES;
				CLANG_WARN_EMPTY_BODY = YES;
				CLANG_WARN_ENUM_CONVERSION = YES;
				CLANG_WARN_INFINITE_RECURSION = YES;
				CLANG_WARN_INT_CONVERSION = YES;
				CLANG_WARN_NON_LITERAL_NULL_CONVERSION = YES;
				CLANG_WARN_OBJC_IMPLICIT_RETAIN_SELF = YES;
				CLANG_WARN_OBJC_LITERAL_CONVERSION = YES;
				CLANG_WARN_OBJC_ROOT_CLASS = YES_ERROR;
				CLANG_WARN_QUOTED_INCLUDE_IN_FRAMEWORK_HEADER = YES;
				CLANG_WARN_RANGE_LOOP_ANALYSIS = YES;
				CLANG_WARN_STRICT_PROTOTYPES = YES;
				CLANG_WARN_SUSPICIOUS_MOVE = YES;
				CLANG_WARN_UNGUARDED_AVAILABILITY = YES_AGGRESSIVE;
				CLANG_WARN_UNREACHABLE_CODE = YES;
				CLANG_WARN__DUPLICATE_METHOD_MATCH = YES;
				COPY_PHASE_STRIP = NO;
				DEBUG_INFORMATION_FORMAT = dwarf;
				ENABLE_STRICT_OBJC_MSGSEND = YES;
				ENABLE_TESTABILITY = YES;
				GCC_C_LANGUAGE_STANDARD = gnu11;
				GCC_DYNAMIC_NO_PIC = NO;
				GCC_NO_COMMON_BLOCKS = YES;
				GCC_OPTIMIZATION_LEVEL = 0;
				GCC_PREPROCESSOR_DEFINITIONS = (
					"DEBUG=1",
					"$(inherited)",
				);
				GCC_WARN_64_TO_32_BIT_CONVERSION = YES;
				GCC_WARN_ABOUT_RETURN_TYPE = YES_ERROR;
				GCC_WARN_UNDECLARED_SELECTOR = YES;
				GCC_WARN_UNINITIALIZED_AUTOS = YES_AGGRESSIVE;
				GCC_WARN_UNUSED_FUNCTION = YES;
				GCC_WARN_UNUSED_VARIABLE = YES;
				IPHONEOS_DEPLOYMENT_TARGET = 16.0;
				MTL_ENABLE_DEBUG_INFO = INCLUDE_SOURCE;
				MTL_FAST_MATH = YES;
				ONLY_ACTIVE_ARCH = YES;
				SDKROOT = iphoneos;
				SWIFT_ACTIVE_COMPILATION_CONDITIONS = DEBUG;
				SWIFT_OPTIMIZATION_LEVEL = "-Onone";
			};
			name = Debug;
		};
		28EF17A529DAF74E003F095C /* Release */ = {
			isa = XCBuildConfiguration;
			buildSettings = {
				ALWAYS_SEARCH_USER_PATHS = NO;
				CLANG_ANALYZER_NONNULL = YES;
				CLANG_ANALYZER_NUMBER_OBJECT_CONVERSION = YES_AGGRESSIVE;
				CLANG_CXX_LANGUAGE_STANDARD = "gnu++20";
				CLANG_ENABLE_MODULES = YES;
				CLANG_ENABLE_OBJC_ARC = YES;
				CLANG_ENABLE_OBJC_WEAK = YES;
				CLANG_WARN_BLOCK_CAPTURE_AUTORELEASING = YES;
				CLANG_WARN_BOOL_CONVERSION = YES;
				CLANG_WARN_COMMA = YES;
				CLANG_WARN_CONSTANT_CONVERSION = YES;
				CLANG_WARN_DEPRECATED_OBJC_IMPLEMENTATIONS = YES;
				CLANG_WARN_DIRECT_OBJC_ISA_USAGE = YES_ERROR;
				CLANG_WARN_DOCUMENTATION_COMMENTS = YES;
				CLANG_WARN_EMPTY_BODY = YES;
				CLANG_WARN_ENUM_CONVERSION = YES;
				CLANG_WARN_INFINITE_RECURSION = YES;
				CLANG_WARN_INT_CONVERSION = YES;
				CLANG_WARN_NON_LITERAL_NULL_CONVERSION = YES;
				CLANG_WARN_OBJC_IMPLICIT_RETAIN_SELF = YES;
				CLANG_WARN_OBJC_LITERAL_CONVERSION = YES;
				CLANG_WARN_OBJC_ROOT_CLASS = YES_ERROR;
				CLANG_WARN_QUOTED_INCLUDE_IN_FRAMEWORK_HEADER = YES;
				CLANG_WARN_RANGE_LOOP_ANALYSIS = YES;
				CLANG_WARN_STRICT_PROTOTYPES = YES;
				CLANG_WARN_SUSPICIOUS_MOVE = YES;
				CLANG_WARN_UNGUARDED_AVAILABILITY = YES_AGGRESSIVE;
				CLANG_WARN_UNREACHABLE_CODE = YES;
				CLANG_WARN__DUPLICATE_METHOD_MATCH = YES;
				COPY_PHASE_STRIP = NO;
				DEBUG_INFORMATION_FORMAT = "dwarf-with-dsym";
				ENABLE_NS_ASSERTIONS = NO;
				ENABLE_STRICT_OBJC_MSGSEND = YES;
				GCC_C_LANGUAGE_STANDARD = gnu11;
				GCC_NO_COMMON_BLOCKS = YES;
				GCC_WARN_64_TO_32_BIT_CONVERSION = YES;
				GCC_WARN_ABOUT_RETURN_TYPE = YES_ERROR;
				GCC_WARN_UNDECLARED_SELECTOR = YES;
				GCC_WARN_UNINITIALIZED_AUTOS = YES_AGGRESSIVE;
				GCC_WARN_UNUSED_FUNCTION = YES;
				GCC_WARN_UNUSED_VARIABLE = YES;
				IPHONEOS_DEPLOYMENT_TARGET = 16.0;
				MTL_ENABLE_DEBUG_INFO = NO;
				MTL_FAST_MATH = YES;
				SDKROOT = iphoneos;
				SWIFT_COMPILATION_MODE = wholemodule;
				SWIFT_OPTIMIZATION_LEVEL = "-O";
				VALIDATE_PRODUCT = YES;
			};
			name = Release;
		};
		28EF17A729DAF74E003F095C /* Debug */ = {
			isa = XCBuildConfiguration;
			buildSettings = {
				ASSETCATALOG_COMPILER_APPICON_NAME = AppIcon;
				ASSETCATALOG_COMPILER_GLOBAL_ACCENT_COLOR_NAME = AccentColor;
				CODE_SIGN_STYLE = Automatic;
				CURRENT_PROJECT_VERSION = 1;
				DEVELOPMENT_TEAM = 567V8M23JU;
				GENERATE_INFOPLIST_FILE = YES;
				INFOPLIST_FILE = "MatzeeIIWithDragable Dice/Info.plist";
				INFOPLIST_KEY_CFBundleDisplayName = FLIP;
				INFOPLIST_KEY_UIApplicationSupportsIndirectInputEvents = YES;
				INFOPLIST_KEY_UILaunchStoryboardName = LaunchScreen;
				INFOPLIST_KEY_UIMainStoryboardFile = Main;
				INFOPLIST_KEY_UISupportedInterfaceOrientations = UIInterfaceOrientationPortrait;
				INFOPLIST_KEY_UISupportedInterfaceOrientations_iPad = "UIInterfaceOrientationLandscapeLeft UIInterfaceOrientationLandscapeRight UIInterfaceOrientationPortrait UIInterfaceOrientationPortraitUpsideDown";
				LD_RUNPATH_SEARCH_PATHS = (
					"$(inherited)",
					"@executable_path/Frameworks",
				);
				MARKETING_VERSION = 1.0;
				PRODUCT_BUNDLE_IDENTIFIER = "us.swcsd.MatzeeIIWithDragable-Dice";
				PRODUCT_NAME = "$(TARGET_NAME)";
				SWIFT_EMIT_LOC_STRINGS = YES;
				SWIFT_VERSION = 5.0;
				TARGETED_DEVICE_FAMILY = "1,2";
			};
			name = Debug;
		};
		28EF17A829DAF74E003F095C /* Release */ = {
			isa = XCBuildConfiguration;
			buildSettings = {
				ASSETCATALOG_COMPILER_APPICON_NAME = AppIcon;
				ASSETCATALOG_COMPILER_GLOBAL_ACCENT_COLOR_NAME = AccentColor;
				CODE_SIGN_STYLE = Automatic;
				CURRENT_PROJECT_VERSION = 1;
				DEVELOPMENT_TEAM = 567V8M23JU;
				GENERATE_INFOPLIST_FILE = YES;
				INFOPLIST_FILE = "MatzeeIIWithDragable Dice/Info.plist";
				INFOPLIST_KEY_CFBundleDisplayName = FLIP;
				INFOPLIST_KEY_UIApplicationSupportsIndirectInputEvents = YES;
				INFOPLIST_KEY_UILaunchStoryboardName = LaunchScreen;
				INFOPLIST_KEY_UIMainStoryboardFile = Main;
				INFOPLIST_KEY_UISupportedInterfaceOrientations = UIInterfaceOrientationPortrait;
				INFOPLIST_KEY_UISupportedInterfaceOrientations_iPad = "UIInterfaceOrientationLandscapeLeft UIInterfaceOrientationLandscapeRight UIInterfaceOrientationPortrait UIInterfaceOrientationPortraitUpsideDown";
				LD_RUNPATH_SEARCH_PATHS = (
					"$(inherited)",
					"@executable_path/Frameworks",
				);
				MARKETING_VERSION = 1.0;
				PRODUCT_BUNDLE_IDENTIFIER = "us.swcsd.MatzeeIIWithDragable-Dice";
				PRODUCT_NAME = "$(TARGET_NAME)";
				SWIFT_EMIT_LOC_STRINGS = YES;
				SWIFT_VERSION = 5.0;
				TARGETED_DEVICE_FAMILY = "1,2";
			};
			name = Release;
		};
/* End XCBuildConfiguration section */

/* Begin XCConfigurationList section */
		28EF178D29DAF74D003F095C /* Build configuration list for PBXProject "MatzeeIIWithDragable Dice" */ = {
			isa = XCConfigurationList;
			buildConfigurations = (
				28EF17A429DAF74E003F095C /* Debug */,
				28EF17A529DAF74E003F095C /* Release */,
			);
			defaultConfigurationIsVisible = 0;
			defaultConfigurationName = Release;
		};
		28EF17A629DAF74E003F095C /* Build configuration list for PBXNativeTarget "MatzeeIIWithDragable Dice" */ = {
			isa = XCConfigurationList;
			buildConfigurations = (
				28EF17A729DAF74E003F095C /* Debug */,
				28EF17A829DAF74E003F095C /* Release */,
			);
			defaultConfigurationIsVisible = 0;
			defaultConfigurationName = Release;
		};
/* End XCConfigurationList section */
	};
	rootObject = 28EF178A29DAF74D003F095C /* Project object */;
}
